{
  "name": "azure-cosmosdb-sql-api-nodejs-getting-started",
  "version": "0.0.0",
  "lockfileVersion": 1,
  "requires": true,
  "dependencies": {
    "@azure/abort-controller": {
      "version": "1.0.4",
      "resolved": "https://registry.npmjs.org/@azure/abort-controller/-/abort-controller-1.0.4.tgz",
      "integrity": "sha512-lNUmDRVGpanCsiUN3NWxFTdwmdFI53xwhkTFfHDGTYk46ca7Ind3nanJc+U6Zj9Tv+9nTCWRBscWEW1DyKOpTw==",
      "requires": {
        "tslib": "^2.0.0"
      }
    },
    "@azure/core-auth": {
      "version": "1.3.0",
      "resolved": "https://registry.npmjs.org/@azure/core-auth/-/core-auth-1.3.0.tgz",
      "integrity": "sha512-kSDSZBL6c0CYdhb+7KuutnKGf2geeT+bCJAgccB0DD7wmNJSsQPcF7TcuoZX83B7VK4tLz/u+8sOO/CnCsYp8A==",
      "requires": {
        "@azure/abort-controller": "^1.0.0",
        "tslib": "^2.0.0"
      }
    },
    "@azure/core-rest-pipeline": {
      "version": "1.0.3",
      "resolved": "https://registry.npmjs.org/@azure/core-rest-pipeline/-/core-rest-pipeline-1.0.3.tgz",
      "integrity": "sha512-GbfBQHF83RQI+LVISh8RLKpPeyufFsu6FhwB0U1inN7BWo8GuE23s0vc/D4gd5AWww7orQ20Q3zMzW5FKFs4MQ==",
      "requires": {
        "@azure/abort-controller": "^1.0.0",
        "@azure/core-auth": "^1.3.0",
        "@azure/core-tracing": "1.0.0-preview.11",
        "@azure/logger": "^1.0.0",
        "form-data": "^3.0.0",
        "http-proxy-agent": "^4.0.1",
        "https-proxy-agent": "^5.0.0",
        "tslib": "^2.0.0",
        "uuid": "^8.3.0"
      }
    },
    "@azure/core-tracing": {
      "version": "1.0.0-preview.11",
      "resolved": "https://registry.npmjs.org/@azure/core-tracing/-/core-tracing-1.0.0-preview.11.tgz",
      "integrity": "sha512-frF0pJc9HTmKncVokhBxCqipjbql02DThQ1ZJ9wLi7SDMLdPAFyDI5xZNzX5guLz+/DtPkY+SGK2li9FIXqshQ==",
      "requires": {
        "@opencensus/web-types": "0.0.7",
        "@opentelemetry/api": "1.0.0-rc.0",
        "tslib": "^2.0.0"
      }
    },
    "@azure/cosmos": {
      "version": "3.11.0",
      "resolved": "https://registry.npmjs.org/@azure/cosmos/-/cosmos-3.11.0.tgz",
      "integrity": "sha512-E4I1P7qV9PBr6D1Ea5UW/QQ6VS6bbBCmf2y0cWVmR6/0B8IVTsHQEjTzMqTKvu3Cuxgl6/FUsBRw9m684RLBzA==",
      "requires": {
        "@azure/core-auth": "^1.3.0",
        "@azure/core-rest-pipeline": "^1.0.0",
        "debug": "^4.1.1",
        "fast-json-stable-stringify": "^2.0.0",
        "jsbi": "^3.1.3",
        "node-abort-controller": "^1.2.0",
        "priorityqueuejs": "^1.0.0",
        "semaphore": "^1.0.5",
        "tslib": "^2.0.0",
        "universal-user-agent": "^6.0.0",
        "uuid": "^8.3.0"
      }
    },
    "@azure/logger": {
      "version": "1.0.2",
      "resolved": "https://registry.npmjs.org/@azure/logger/-/logger-1.0.2.tgz",
      "integrity": "sha512-YZNjNV0vL3nN2nedmcjQBcpCTo3oqceXmgiQtEm6fLpucjRZyQKAQruhCmCpRlB1iykqKJJ/Y8CDmT5rIE6IJw==",
      "requires": {
        "tslib": "^2.0.0"
      }
    },
    "@opencensus/web-types": {
      "version": "0.0.7",
      "resolved": "https://registry.npmjs.org/@opencensus/web-types/-/web-types-0.0.7.tgz",
      "integrity": "sha512-xB+w7ZDAu3YBzqH44rCmG9/RlrOmFuDPt/bpf17eJr8eZSrLt7nc7LnWdxM9Mmoj/YKMHpxRg28txu3TcpiL+g=="
    },
    "@opentelemetry/api": {
      "version": "1.0.0-rc.0",
      "resolved": "https://registry.npmjs.org/@opentelemetry/api/-/api-1.0.0-rc.0.tgz",
      "integrity": "sha512-iXKByCMfrlO5S6Oh97BuM56tM2cIBB0XsL/vWF/AtJrJEKx4MC/Xdu0xDsGXMGcNWpqF7ujMsjjnp0+UHBwnDQ=="
    },
    "@tootallnate/once": {
      "version": "1.1.2",
      "resolved": "https://registry.npmjs.org/@tootallnate/once/-/once-1.1.2.tgz",
      "integrity": "sha512-RbzJvlNzmRq5c3O09UipeuXno4tA1FE6ikOjxZK0tuxVv3412l64l5t1W5pj4+rJq9vpkm/kwiR07aZXnsKPxw=="
    },
    "agent-base": {
      "version": "6.0.2",
      "resolved": "https://registry.npmjs.org/agent-base/-/agent-base-6.0.2.tgz",
      "integrity": "sha512-RZNwNclF7+MS/8bDg70amg32dyeZGZxiDuQmZxKLAlQjr3jGyLx+4Kkk58UO7D2QdgFIQCovuSuZESne6RG6XQ==",
      "requires": {
        "debug": "4"
      }
    },
    "asynckit": {
      "version": "0.4.0",
      "resolved": "https://registry.npmjs.org/asynckit/-/asynckit-0.4.0.tgz",
      "integrity": "sha1-x57Zf380y48robyXkLzDZkdLS3k="
    },
    "balanced-match": {
      "version": "1.0.2",
      "resolved": "https://registry.npmjs.org/balanced-match/-/balanced-match-1.0.2.tgz",
      "integrity": "sha512-3oSeUO0TMV67hN1AmbXsK4yaqU7tjiHlbxRDZOpH0KW9+CeX4bRAaX0Anxt0tx2MrpRpWwQaPwIlISEJhYU5Pw=="
    },
    "brace-expansion": {
      "version": "1.1.11",
      "resolved": "https://registry.npmjs.org/brace-expansion/-/brace-expansion-1.1.11.tgz",
      "integrity": "sha512-iCuPHDFgrHX7H2vEI/5xpz07zSHB00TpugqhmYtVmMO6518mCuRMoOYFldEBl0g187ufozdaHgWKcYFb61qGiA==",
      "requires": {
        "balanced-match": "^1.0.0",
        "concat-map": "0.0.1"
      }
    },
    "combined-stream": {
      "version": "1.0.8",
      "resolved": "https://registry.npmjs.org/combined-stream/-/combined-stream-1.0.8.tgz",
      "integrity": "sha512-FQN4MRfuJeHf7cBbBMJFXhKSDq+2kAArBlmRBvcvFE5BB1HZKXtSFASDhdlz9zOYwxh8lDdnvmMOe/+5cdoEdg==",
      "requires": {
        "delayed-stream": "~1.0.0"
      }
    },
    "concat-map": {
      "version": "0.0.1",
      "resolved": "https://registry.npmjs.org/concat-map/-/concat-map-0.0.1.tgz",
      "integrity": "sha1-2Klr13/Wjfd5OnMDajug1UBdR3s="
    },
    "cross-env": {
      "version": "7.0.2",
      "resolved": "https://registry.npmjs.org/cross-env/-/cross-env-7.0.2.tgz",
      "integrity": "sha512-KZP/bMEOJEDCkDQAyRhu3RL2ZO/SUVrxQVI0G3YEQ+OLbRA3c6zgixe8Mq8a/z7+HKlNEjo8oiLUs8iRijY2Rw==",
      "dev": true,
      "requires": {
        "cross-spawn": "^7.0.1"
      },
      "dependencies": {
        "cross-spawn": {
          "version": "7.0.3",
          "resolved": "https://registry.npmjs.org/cross-spawn/-/cross-spawn-7.0.3.tgz",
          "integrity": "sha512-iRDPJKUPVEND7dHPO8rkbOnPpyDygcDFtWjpeWNCgy8WP2rXcxXL8TskReQl6OrB2G7+UJrags1q15Fudc7G6w==",
          "dev": true,
          "requires": {
            "path-key": "^3.1.0",
            "shebang-command": "^2.0.0",
            "which": "^2.0.1"
          }
        },
        "path-key": {
          "version": "3.1.1",
          "resolved": "https://registry.npmjs.org/path-key/-/path-key-3.1.1.tgz",
          "integrity": "sha512-ojmeN0qd+y0jszEtoY48r0Peq5dwMEkIlCOu6Q5f41lfkswXuKtYrhgoTpLnyIcHm24Uhqx+5Tqm2InSwLhE6Q==",
          "dev": true
        },
        "shebang-command": {
          "version": "2.0.0",
          "resolved": "https://registry.npmjs.org/shebang-command/-/shebang-command-2.0.0.tgz",
          "integrity": "sha512-kHxr2zZpYtdmrN1qDjrrX/Z1rR1kG8Dx+gkpK1G4eXmvXswmcE1hTWBWYUzlraYw1/yZp6YuDY77YtvbN0dmDA==",
          "dev": true,
          "requires": {
            "shebang-regex": "^3.0.0"
          }
        },
        "shebang-regex": {
          "version": "3.0.0",
          "resolved": "https://registry.npmjs.org/shebang-regex/-/shebang-regex-3.0.0.tgz",
          "integrity": "sha512-7++dFhtcx3353uBaq8DDR4NuxBetBzC7ZQOhmTQInHEd6bSrXdiEyzCvG07Z44UYdLShWUyXt5M/yhz8ekcb1A==",
          "dev": true
        },
        "which": {
          "version": "2.0.2",
          "resolved": "https://registry.npmjs.org/which/-/which-2.0.2.tgz",
          "integrity": "sha512-BLI3Tl1TW3Pvl70l3yq3Y64i+awpwXqsGBYWkkqMtnbXgrMD+yj7rhW0kuEDxzJaYXGjEW5ogapKNMEKNMjibA==",
          "dev": true,
          "requires": {
            "isexe": "^2.0.0"
          }
        }
      }
    },
    "debug": {
      "version": "4.3.1",
      "resolved": "https://registry.npmjs.org/debug/-/debug-4.3.1.tgz",
      "integrity": "sha512-doEwdvm4PCeK4K3RQN2ZC2BYUBaxwLARCqZmMjtF8a51J2Rb0xpVloFRnCODwqjpwnAoao4pelN8l3RJdv3gRQ==",
      "requires": {
        "ms": "2.1.2"
      }
    },
    "delayed-stream": {
      "version": "1.0.0",
      "resolved": "https://registry.npmjs.org/delayed-stream/-/delayed-stream-1.0.0.tgz",
      "integrity": "sha1-3zrhmayt+31ECqrgsp4icrJOxhk="
    },
    "express-handlebars": {
      "version": "5.3.0",
      "resolved": "https://registry.npmjs.org/express-handlebars/-/express-handlebars-5.3.0.tgz",
      "integrity": "sha512-rC9uWbaC3m1jjgVrVk/bHhjO9irKoQbWGUtYBY03amn6Y/SGZ+yxINyJMZ/fHbNaP0APi+QvwEuHVx5ca/2XjQ==",
      "requires": {
        "glob": "^7.1.6",
        "graceful-fs": "^4.2.6",
        "handlebars": "^4.7.7"
      }
    },
    "fast-json-stable-stringify": {
      "version": "2.1.0",
      "resolved": "https://registry.npmjs.org/fast-json-stable-stringify/-/fast-json-stable-stringify-2.1.0.tgz",
      "integrity": "sha512-lhd/wF+Lk98HZoTCtlVraHtfh5XYijIjalXck7saUtuanSDyLMxnHhSXEDJqHxD7msR8D0uCmqlkwjCV8xvwHw=="
    },
    "form-data": {
      "version": "3.0.1",
      "resolved": "https://registry.npmjs.org/form-data/-/form-data-3.0.1.tgz",
      "integrity": "sha512-RHkBKtLWUVwd7SqRIvCZMEvAMoGUp0XU+seQiZejj0COz3RI3hWP4sCv3gZWWLjJTd7rGwcsF5eKZGii0r/hbg==",
      "requires": {
        "asynckit": "^0.4.0",
        "combined-stream": "^1.0.8",
        "mime-types": "^2.1.12"
      }
    },
    "fs.realpath": {
      "version": "1.0.0",
      "resolved": "https://registry.npmjs.org/fs.realpath/-/fs.realpath-1.0.0.tgz",
      "integrity": "sha1-FQStJSMVjKpA20onh8sBQRmU6k8="
    },
    "glob": {
      "version": "7.1.6",
      "resolved": "https://registry.npmjs.org/glob/-/glob-7.1.6.tgz",
      "integrity": "sha512-LwaxwyZ72Lk7vZINtNNrywX0ZuLyStrdDtabefZKAY5ZGJhVtgdznluResxNmPitE0SAO+O26sWTHeKSI2wMBA==",
      "requires": {
        "fs.realpath": "^1.0.0",
        "inflight": "^1.0.4",
        "inherits": "2",
        "minimatch": "^3.0.4",
        "once": "^1.3.0",
        "path-is-absolute": "^1.0.0"
      }
    },
    "graceful-fs": {
      "version": "4.2.6",
      "resolved": "https://registry.npmjs.org/graceful-fs/-/graceful-fs-4.2.6.tgz",
      "integrity": "sha512-nTnJ528pbqxYanhpDYsi4Rd8MAeaBA67+RZ10CM1m3bTAVFEDcd5AuA4a6W5YkGZ1iNXHzZz8T6TBKLeBuNriQ=="
    },
    "handlebars": {
      "version": "4.7.7",
      "resolved": "https://registry.npmjs.org/handlebars/-/handlebars-4.7.7.tgz",
      "integrity": "sha512-aAcXm5OAfE/8IXkcZvCepKU3VzW1/39Fb5ZuqMtgI/hT8X2YgoMvBY5dLhq/cpOvw7Lk1nK/UF71aLG/ZnVYRA==",
      "requires": {
        "minimist": "^1.2.5",
        "neo-async": "^2.6.0",
        "source-map": "^0.6.1",
        "uglify-js": "^3.1.4",
        "wordwrap": "^1.0.0"
      }
    },
    "http-proxy-agent": {
      "version": "4.0.1",
      "resolved": "https://registry.npmjs.org/http-proxy-agent/-/http-proxy-agent-4.0.1.tgz",
      "integrity": "sha512-k0zdNgqWTGA6aeIRVpvfVob4fL52dTfaehylg0Y4UvSySvOq/Y+BOyPrgpUrA7HylqvU8vIZGsRuXmspskV0Tg==",
      "requires": {
        "@tootallnate/once": "1",
        "agent-base": "6",
        "debug": "4"
      }
    },
    "https-proxy-agent": {
      "version": "5.0.0",
      "resolved": "https://registry.npmjs.org/https-proxy-agent/-/https-proxy-agent-5.0.0.tgz",
      "integrity": "sha512-EkYm5BcKUGiduxzSt3Eppko+PiNWNEpa4ySk9vTC6wDsQJW9rHSa+UhGNJoRYp7bz6Ht1eaRIa6QaJqO5rCFbA==",
      "requires": {
        "agent-base": "6",
        "debug": "4"
      }
    },
    "inflight": {
      "version": "1.0.6",
      "resolved": "https://registry.npmjs.org/inflight/-/inflight-1.0.6.tgz",
      "integrity": "sha1-Sb1jMdfQLQwJvJEKEHW6gWW1bfk=",
      "requires": {
        "once": "^1.3.0",
        "wrappy": "1"
      }
    },
    "inherits": {
      "version": "2.0.4",
      "resolved": "https://registry.npmjs.org/inherits/-/inherits-2.0.4.tgz",
      "integrity": "sha512-k/vGaX4/Yla3WzyMCvTQOXYeIHvqOKtnqBduzTHpzpQZzAskKMhZ2K+EnBiSM9zGSoIFeMpXKxa4dYeZIQqewQ=="
    },
    "isexe": {
      "version": "2.0.0",
      "resolved": "https://registry.npmjs.org/isexe/-/isexe-2.0.0.tgz",
      "integrity": "sha1-6PvzdNxVb/iUehDcsFctYz8s+hA=",
      "dev": true
    },
    "jsbi": {
      "version": "3.1.4",
      "resolved": "https://registry.npmjs.org/jsbi/-/jsbi-3.1.4.tgz",
      "integrity": "sha512-52QRRFSsi9impURE8ZUbzAMCLjPm4THO7H2fcuIvaaeFTbSysvkodbQQXIVsNgq/ypDbq6dJiuGKL0vZ/i9hUg=="
    },
    "mime-db": {
      "version": "1.47.0",
      "resolved": "https://registry.npmjs.org/mime-db/-/mime-db-1.47.0.tgz",
      "integrity": "sha512-QBmA/G2y+IfeS4oktet3qRZ+P5kPhCKRXxXnQEudYqUaEioAU1/Lq2us3D/t1Jfo4hE9REQPrbB7K5sOczJVIw=="
    },
    "mime-types": {
      "version": "2.1.30",
      "resolved": "https://registry.npmjs.org/mime-types/-/mime-types-2.1.30.tgz",
      "integrity": "sha512-crmjA4bLtR8m9qLpHvgxSChT+XoSlZi8J4n/aIdn3z92e/U47Z0V/yl+Wh9W046GgFVAmoNR/fmdbZYcSSIUeg==",
      "requires": {
        "mime-db": "1.47.0"
      }
    },
    "minimatch": {
      "version": "3.0.4",
      "resolved": "https://registry.npmjs.org/minimatch/-/minimatch-3.0.4.tgz",
      "integrity": "sha512-yJHVQEhyqPLUTgt9B83PXu6W3rx4MvvHvSUvToogpwoGDOUQ+yDrR0HRot+yOCdCO7u4hX3pWft6kWBBcqh0UA==",
      "requires": {
        "brace-expansion": "^1.1.7"
      }
    },
    "minimist": {
      "version": "1.2.5",
      "resolved": "https://registry.npmjs.org/minimist/-/minimist-1.2.5.tgz",
      "integrity": "sha512-FM9nNUYrRBAELZQT3xeZQ7fmMOBg6nWNmJKTcgsJeaLstP/UODVpGsr5OhXhhXg6f+qtJ8uiZ+PUxkDWcgIXLw=="
    },
    "ms": {
      "version": "2.1.2",
      "resolved": "https://registry.npmjs.org/ms/-/ms-2.1.2.tgz",
      "integrity": "sha512-sGkPx+VjMtmA6MX27oA4FBFELFCZZ4S4XqeGOXCv68tT+jb3vk/RyaKWP0PTKyWtmLSM0b+adUTEvbs1PEaH2w=="
    },
    "neo-async": {
      "version": "2.6.2",
      "resolved": "https://registry.npmjs.org/neo-async/-/neo-async-2.6.2.tgz",
      "integrity": "sha512-Yd3UES5mWCSqR+qNT93S3UoYUkqAZ9lLg8a7g9rimsWmYGK8cVToA4/sF3RrshdyV3sAGMXVUmpMYOw+dLpOuw=="
    },
    "node-abort-controller": {
      "version": "1.2.1",
      "resolved": "https://registry.npmjs.org/node-abort-controller/-/node-abort-controller-1.2.1.tgz",
      "integrity": "sha512-79PYeJuj6S9+yOHirR0JBLFOgjB6sQCir10uN6xRx25iD+ZD4ULqgRn3MwWBRaQGB0vEgReJzWwJo42T1R6YbQ=="
    },
    "once": {
      "version": "1.4.0",
      "resolved": "https://registry.npmjs.org/once/-/once-1.4.0.tgz",
      "integrity": "sha1-WDsap3WWHUsROsF9nFC6753Xa9E=",
      "requires": {
        "wrappy": "1"
      }
    },
    "path-is-absolute": {
      "version": "1.0.1",
      "resolved": "https://registry.npmjs.org/path-is-absolute/-/path-is-absolute-1.0.1.tgz",
      "integrity": "sha1-F0uSaHNVNP+8es5r9TpanhtcX18="
    },
    "priorityqueuejs": {
      "version": "1.0.0",
      "resolved": "https://registry.npmjs.org/priorityqueuejs/-/priorityqueuejs-1.0.0.tgz",
      "integrity": "sha1-LuTyPCVgkT4IwHzlzN1t498sWvg="
    },
    "semaphore": {
      "version": "1.1.0",
      "resolved": "https://registry.npmjs.org/semaphore/-/semaphore-1.1.0.tgz",
      "integrity": "sha512-O4OZEaNtkMd/K0i6js9SL+gqy0ZCBMgUvlSqHKi4IBdjhe7wB8pwztUk1BbZ1fmrvpwFrPbHzqd2w5pTcJH6LA=="
    },
    "source-map": {
      "version": "0.6.1",
      "resolved": "https://registry.npmjs.org/source-map/-/source-map-0.6.1.tgz",
      "integrity": "sha512-UjgapumWlbMhkBgzT7Ykc5YXUT46F0iKu8SGXq0bcwP5dz/h0Plj6enJqjz1Zbq2l5WaqYnrVbwWOWMyF3F47g=="
    },
    "tslib": {
      "version": "2.2.0",
      "resolved": "https://registry.npmjs.org/tslib/-/tslib-2.2.0.tgz",
      "integrity": "sha512-gS9GVHRU+RGn5KQM2rllAlR3dU6m7AcpJKdtH8gFvQiC4Otgk98XnmMU+nZenHt/+VhnBPWwgrJsyrdcw6i23w=="
    },
    "uglify-js": {
      "version": "3.13.5",
      "resolved": "https://registry.npmjs.org/uglify-js/-/uglify-js-3.13.5.tgz",
      "integrity": "sha512-xtB8yEqIkn7zmOyS2zUNBsYCBRhDkvlNxMMY2smuJ/qA8NCHeQvKCF3i9Z4k8FJH4+PJvZRtMrPynfZ75+CSZw==",
      "optional": true
    },
    "universal-user-agent": {
      "version": "6.0.0",
      "resolved": "https://registry.npmjs.org/universal-user-agent/-/universal-user-agent-6.0.0.tgz",
      "integrity": "sha512-isyNax3wXoKaulPDZWHQqbmIx1k2tb9fb3GGDBRxCscfYV2Ch7WxPArBsFEG8s/safwXTT7H4QGhaIkTp9447w=="
    },
    "uuid": {
      "version": "8.3.2",
      "resolved": "https://registry.npmjs.org/uuid/-/uuid-8.3.2.tgz",
      "integrity": "sha512-+NYs2QeMWy+GWFOEm9xnn6HCDp0l7QBD7ml8zLUmJ+93Q5NF0NocErnwkTkXVFNiX3/fpC6afS8Dhb/gz7R7eg=="
    },
    "wordwrap": {
      "version": "1.0.0",
      "resolved": "https://registry.npmjs.org/wordwrap/-/wordwrap-1.0.0.tgz",
      "integrity": "sha1-J1hIEIkUVqQXHI0CJkQa3pDLyus="
    },
    "wrappy": {
      "version": "1.0.2",
      "resolved": "https://registry.npmjs.org/wrappy/-/wrappy-1.0.2.tgz",
      "integrity": "sha1-tSQ9jz7BqjXxNkYFvA0QNuMKtp8="
    }
  }
}
